// !$*UTF8*$!
{
	archiveVersion = 1;
	classes = {
	};
	objectVersion = 56;
	objects = {

/* Begin PBXBuildFile section */
		6BF3E6BB2BF76043002AC007 /* Catholic_BibleApp.swift in Sources */ = {isa = PBXBuildFile; fileRef = 6BF3E6BA2BF76043002AC007 /* Catholic_BibleApp.swift */; };
		6BF3E6BD2BF76043002AC007 /* ContentView.swift in Sources */ = {isa = PBXBuildFile; fileRef = 6BF3E6BC2BF76043002AC007 /* ContentView.swift */; };
		6BF3E6BF2BF76046002AC007 /* Assets.xcassets in Resources */ = {isa = PBXBuildFile; fileRef = 6BF3E6BE2BF76046002AC007 /* Assets.xcassets */; };
		6BF3E6C22BF76046002AC007 /* Preview Assets.xcassets in Resources */ = {isa = PBXBuildFile; fileRef = 6BF3E6C12BF76046002AC007 /* Preview Assets.xcassets */; };
		6BF3E6CC2BF76046002AC007 /* Catholic_BibleTests.swift in Sources */ = {isa = PBXBuildFile; fileRef = 6BF3E6CB2BF76046002AC007 /* Catholic_BibleTests.swift */; };
		6BF3E6D62BF76046002AC007 /* Catholic_BibleUITests.swift in Sources */ = {isa = PBXBuildFile; fileRef = 6BF3E6D52BF76046002AC007 /* Catholic_BibleUITests.swift */; };
		6BF3E6D82BF76046002AC007 /* Catholic_BibleUITestsLaunchTests.swift in Sources */ = {isa = PBXBuildFile; fileRef = 6BF3E6D72BF76046002AC007 /* Catholic_BibleUITestsLaunchTests.swift */; };
/* End PBXBuildFile section */

/* Begin PBXContainerItemProxy section */
		6BF3E6C82BF76046002AC007 /* PBXContainerItemProxy */ = {
			isa = PBXContainerItemProxy;
			containerPortal = 6BF3E6AF2BF76043002AC007 /* Project object */;
			proxyType = 1;
			remoteGlobalIDString = 6BF3E6B62BF76043002AC007;
			remoteInfo = "Catholic Bible";
		};
		6BF3E6D22BF76046002AC007 /* PBXContainerItemProxy */ = {
			isa = PBXContainerItemProxy;
			containerPortal = 6BF3E6AF2BF76043002AC007 /* Project object */;
			proxyType = 1;
			remoteGlobalIDString = 6BF3E6B62BF76043002AC007;
			remoteInfo = "Catholic Bible";
		};
/* End PBXContainerItemProxy section */

/* Begin PBXFileReference section */
		6BF3E6B72BF76043002AC007 /* Catholic Bible.app */ = {isa = PBXFileReference; explicitFileType = wrapper.application; includeInIndex = 0; path = "Catholic Bible.app"; sourceTree = BUILT_PRODUCTS_DIR; };
		6BF3E6BA2BF76043002AC007 /* Catholic_BibleApp.swift */ = {isa = PBXFileReference; lastKnownFileType = sourcecode.swift; path = Catholic_BibleApp.swift; sourceTree = "<group>"; };
		6BF3E6BC2BF76043002AC007 /* ContentView.swift */ = {isa = PBXFileReference; lastKnownFileType = sourcecode.swift; path = ContentView.swift; sourceTree = "<group>"; };
		6BF3E6BE2BF76046002AC007 /* Assets.xcassets */ = {isa = PBXFileReference; lastKnownFileType = folder.assetcatalog; path = Assets.xcassets; sourceTree = "<group>"; };
		6BF3E6C12BF76046002AC007 /* Preview Assets.xcassets */ = {isa = PBXFileReference; lastKnownFileType = folder.assetcatalog; path = "Preview Assets.xcassets"; sourceTree = "<group>"; };
		6BF3E6C72BF76046002AC007 /* Catholic BibleTests.xctest */ = {isa = PBXFileReference; explicitFileType = wrapper.cfbundle; includeInIndex = 0; path = "Catholic BibleTests.xctest"; sourceTree = BUILT_PRODUCTS_DIR; };
		6BF3E6CB2BF76046002AC007 /* Catholic_BibleTests.swift */ = {isa = PBXFileReference; lastKnownFileType = sourcecode.swift; path = Catholic_BibleTests.swift; sourceTree = "<group>"; };
		6BF3E6D12BF76046002AC007 /* Catholic BibleUITests.xctest */ = {isa = PBXFileReference; explicitFileType = wrapper.cfbundle; includeInIndex = 0; path = "Catholic BibleUITests.xctest"; sourceTree = BUILT_PRODUCTS_DIR; };
		6BF3E6D52BF76046002AC007 /* Catholic_BibleUITests.swift */ = {isa = PBXFileReference; lastKnownFileType = sourcecode.swift; path = Catholic_BibleUITests.swift; sourceTree = "<group>"; };
		6BF3E6D72BF76046002AC007 /* Catholic_BibleUITestsLaunchTests.swift */ = {isa = PBXFileReference; lastKnownFileType = sourcecode.swift; path = Catholic_BibleUITestsLaunchTests.swift; sourceTree = "<group>"; };
/* End PBXFileReference section */

/* Begin PBXFrameworksBuildPhase section */
		6BF3E6B42BF76043002AC007 /* Frameworks */ = {
			isa = PBXFrameworksBuildPhase;
			buildActionMask = 2147483647;
			files = (
			);
			runOnlyForDeploymentPostprocessing = 0;
		};
		6BF3E6C42BF76046002AC007 /* Frameworks */ = {
			isa = PBXFrameworksBuildPhase;
			buildActionMask = 2147483647;
			files = (
			);
			runOnlyForDeploymentPostprocessing = 0;
		};
		6BF3E6CE2BF76046002AC007 /* Frameworks */ = {
			isa = PBXFrameworksBuildPhase;
			buildActionMask = 2147483647;
			files = (
			);
			runOnlyForDeploymentPostprocessing = 0;
		};
/* End PBXFrameworksBuildPhase section */

/* Begin PBXGroup section */
		6BF3E6AE2BF76043002AC007 = {
			isa = PBXGroup;
			children = (
				6BF3E6B92BF76043002AC007 /* Catholic Bible */,
				6BF3E6CA2BF76046002AC007 /* Catholic BibleTests */,
				6BF3E6D42BF76046002AC007 /* Catholic BibleUITests */,
				6BF3E6B82BF76043002AC007 /* Products */,
			);
			sourceTree = "<group>";
		};
		6BF3E6B82BF76043002AC007 /* Products */ = {
			isa = PBXGroup;
			children = (
				6BF3E6B72BF76043002AC007 /* Catholic Bible.app */,
				6BF3E6C72BF76046002AC007 /* Catholic BibleTests.xctest */,
				6BF3E6D12BF76046002AC007 /* Catholic BibleUITests.xctest */,
			);
			name = Products;
			sourceTree = "<group>";
		};
		6BF3E6B92BF76043002AC007 /* Catholic Bible */ = {
			isa = PBXGroup;
			children = (
				6BF3E6BA2BF76043002AC007 /* Catholic_BibleApp.swift */,
				6BF3E6BC2BF76043002AC007 /* ContentView.swift */,
				6BF3E6BE2BF76046002AC007 /* Assets.xcassets */,
				6BF3E6C02BF76046002AC007 /* Preview Content */,
			);
			path = "Catholic Bible";
			sourceTree = "<group>";
		};
		6BF3E6C02BF76046002AC007 /* Preview Content */ = {
			isa = PBXGroup;
			children = (
				6BF3E6C12BF76046002AC007 /* Preview Assets.xcassets */,
			);
			path = "Preview Content";
			sourceTree = "<group>";
		};
		6BF3E6CA2BF76046002AC007 /* Catholic BibleTests */ = {
			isa = PBXGroup;
			children = (
				6BF3E6CB2BF76046002AC007 /* Catholic_BibleTests.swift */,
			);
			path = "Catholic BibleTests";
			sourceTree = "<group>";
		};
		6BF3E6D42BF76046002AC007 /* Catholic BibleUITests */ = {
			isa = PBXGroup;
			children = (
				6BF3E6D52BF76046002AC007 /* Catholic_BibleUITests.swift */,
				6BF3E6D72BF76046002AC007 /* Catholic_BibleUITestsLaunchTests.swift */,
			);
			path = "Catholic BibleUITests";
			sourceTree = "<group>";
		};
/* End PBXGroup section */

/* Begin PBXNativeTarget section */
		6BF3E6B62BF76043002AC007 /* Catholic Bible */ = {
			isa = PBXNativeTarget;
			buildConfigurationList = 6BF3E6DB2BF76046002AC007 /* Build configuration list for PBXNativeTarget "Catholic Bible" */;
			buildPhases = (
				6BF3E6B32BF76043002AC007 /* Sources */,
				6BF3E6B42BF76043002AC007 /* Frameworks */,
				6BF3E6B52BF76043002AC007 /* Resources */,
			);
			buildRules = (
			);
			dependencies = (
			);
			name = "Catholic Bible";
			productName = "Catholic Bible";
			productReference = 6BF3E6B72BF76043002AC007 /* Catholic Bible.app */;
			productType = "com.apple.product-type.application";
		};
		6BF3E6C62BF76046002AC007 /* Catholic BibleTests */ = {
			isa = PBXNativeTarget;
			buildConfigurationList = 6BF3E6DE2BF76046002AC007 /* Build configuration list for PBXNativeTarget "Catholic BibleTests" */;
			buildPhases = (
				6BF3E6C32BF76046002AC007 /* Sources */,
				6BF3E6C42BF76046002AC007 /* Frameworks */,
				6BF3E6C52BF76046002AC007 /* Resources */,
			);
			buildRules = (
			);
			dependencies = (
				6BF3E6C92BF76046002AC007 /* PBXTargetDependency */,
			);
			name = "Catholic BibleTests";
			productName = "Catholic BibleTests";
			productReference = 6BF3E6C72BF76046002AC007 /* Catholic BibleTests.xctest */;
			productType = "com.apple.product-type.bundle.unit-test";
		};
		6BF3E6D02BF76046002AC007 /* Catholic BibleUITests */ = {
			isa = PBXNativeTarget;
			buildConfigurationList = 6BF3E6E12BF76046002AC007 /* Build configuration list for PBXNativeTarget "Catholic BibleUITests" */;
			buildPhases = (
				6BF3E6CD2BF76046002AC007 /* Sources */,
				6BF3E6CE2BF76046002AC007 /* Frameworks */,
				6BF3E6CF2BF76046002AC007 /* Resources */,
			);
			buildRules = (
			);
			dependencies = (
				6BF3E6D32BF76046002AC007 /* PBXTargetDependency */,
			);
			name = "Catholic BibleUITests";
			productName = "Catholic BibleUITests";
			productReference = 6BF3E6D12BF76046002AC007 /* Catholic BibleUITests.xctest */;
			productType = "com.apple.product-type.bundle.ui-testing";
		};
/* End PBXNativeTarget section */

/* Begin PBXProject section */
		6BF3E6AF2BF76043002AC007 /* Project object */ = {
			isa = PBXProject;
			attributes = {
				BuildIndependentTargetsInParallel = 1;
				LastSwiftUpdateCheck = 1540;
				LastUpgradeCheck = 1540;
				TargetAttributes = {
					6BF3E6B62BF76043002AC007 = {
						CreatedOnToolsVersion = 15.4;
					};
					6BF3E6C62BF76046002AC007 = {
						CreatedOnToolsVersion = 15.4;
						TestTargetID = 6BF3E6B62BF76043002AC007;
					};
					6BF3E6D02BF76046002AC007 = {
						CreatedOnToolsVersion = 15.4;
						TestTargetID = 6BF3E6B62BF76043002AC007;
					};
				};
			};
			buildConfigurationList = 6BF3E6B22BF76043002AC007 /* Build configuration list for PBXProject "Catholic Bible" */;
			compatibilityVersion = "Xcode 14.0";
			developmentRegion = en;
			hasScannedForEncodings = 0;
			knownRegions = (
				en,
				Base,
			);
			mainGroup = 6BF3E6AE2BF76043002AC007;
			productRefGroup = 6BF3E6B82BF76043002AC007 /* Products */;
			projectDirPath = "";
			projectRoot = "";
			targets = (
				6BF3E6B62BF76043002AC007 /* Catholic Bible */,
				6BF3E6C62BF76046002AC007 /* Catholic BibleTests */,
				6BF3E6D02BF76046002AC007 /* Catholic BibleUITests */,
			);
		};
/* End PBXProject section */

/* Begin PBXResourcesBuildPhase section */
		6BF3E6B52BF76043002AC007 /* Resources */ = {
			isa = PBXResourcesBuildPhase;
			buildActionMask = 2147483647;
			files = (
				6BF3E6C22BF76046002AC007 /* Preview Assets.xcassets in Resources */,
				6BF3E6BF2BF76046002AC007 /* Assets.xcassets in Resources */,
			);
			runOnlyForDeploymentPostprocessing = 0;
		};
		6BF3E6C52BF76046002AC007 /* Resources */ = {
			isa = PBXResourcesBuildPhase;
			buildActionMask = 2147483647;
			files = (
			);
			runOnlyForDeploymentPostprocessing = 0;
		};
		6BF3E6CF2BF76046002AC007 /* Resources */ = {
			isa = PBXResourcesBuildPhase;
			buildActionMask = 2147483647;
			files = (
			);
			runOnlyForDeploymentPostprocessing = 0;
		};
/* End PBXResourcesBuildPhase section */

/* Begin PBXSourcesBuildPhase section */
		6BF3E6B32BF76043002AC007 /* Sources */ = {
			isa = PBXSourcesBuildPhase;
			buildActionMask = 2147483647;
			files = (
				6BF3E6BD2BF76043002AC007 /* ContentView.swift in Sources */,
				6BF3E6BB2BF76043002AC007 /* Catholic_BibleApp.swift in Sources */,
			);
			runOnlyForDeploymentPostprocessing = 0;
		};
		6BF3E6C32BF76046002AC007 /* Sources */ = {
			isa = PBXSourcesBuildPhase;
			buildActionMask = 2147483647;
			files = (
				6BF3E6CC2BF76046002AC007 /* Catholic_BibleTests.swift in Sources */,
			);
			runOnlyForDeploymentPostprocessing = 0;
		};
		6BF3E6CD2BF76046002AC007 /* Sources */ = {
			isa = PBXSourcesBuildPhase;
			buildActionMask = 2147483647;
			files = (
				6BF3E6D82BF76046002AC007 /* Catholic_BibleUITestsLaunchTests.swift in Sources */,
				6BF3E6D62BF76046002AC007 /* Catholic_BibleUITests.swift in Sources */,
			);
			runOnlyForDeploymentPostprocessing = 0;
		};
/* End PBXSourcesBuildPhase section */

/* Begin PBXTargetDependency section */
		6BF3E6C92BF76046002AC007 /* PBXTargetDependency */ = {
			isa = PBXTargetDependency;
			target = 6BF3E6B62BF76043002AC007 /* Catholic Bible */;
			targetProxy = 6BF3E6C82BF76046002AC007 /* PBXContainerItemProxy */;
		};
		6BF3E6D32BF76046002AC007 /* PBXTargetDependency */ = {
			isa = PBXTargetDependency;
			target = 6BF3E6B62BF76043002AC007 /* Catholic Bible */;
			targetProxy = 6BF3E6D22BF76046002AC007 /* PBXContainerItemProxy */;
		};
/* End PBXTargetDependency section */

/* Begin XCBuildConfiguration section */
		6BF3E6D92BF76046002AC007 /* Debug */ = {
			isa = XCBuildConfiguration;
			buildSettings = {
				ALWAYS_SEARCH_USER_PATHS = NO;
				ASSETCATALOG_COMPILER_GENERATE_SWIFT_ASSET_SYMBOL_EXTENSIONS = YES;
				CLANG_ANALYZER_NONNULL = YES;
				CLANG_ANALYZER_NUMBER_OBJECT_CONVERSION = YES_AGGRESSIVE;
				CLANG_CXX_LANGUAGE_STANDARD = "gnu++20";
				CLANG_ENABLE_MODULES = YES;
				CLANG_ENABLE_OBJC_ARC = YES;
				CLANG_ENABLE_OBJC_WEAK = YES;
				CLANG_WARN_BLOCK_CAPTURE_AUTORELEASING = YES;
				CLANG_WARN_BOOL_CONVERSION = YES;
				CLANG_WARN_COMMA = YES;
				CLANG_WARN_CONSTANT_CONVERSION = YES;
				CLANG_WARN_DEPRECATED_OBJC_IMPLEMENTATIONS = YES;
				CLANG_WARN_DIRECT_OBJC_ISA_USAGE = YES_ERROR;
				CLANG_WARN_DOCUMENTATION_COMMENTS = YES;
				CLANG_WARN_EMPTY_BODY = YES;
				CLANG_WARN_ENUM_CONVERSION = YES;
				CLANG_WARN_INFINITE_RECURSION = YES;
				CLANG_WARN_INT_CONVERSION = YES;
				CLANG_WARN_NON_LITERAL_NULL_CONVERSION = YES;
				CLANG_WARN_OBJC_IMPLICIT_RETAIN_SELF = YES;
				CLANG_WARN_OBJC_LITERAL_CONVERSION = YES;
				CLANG_WARN_OBJC_ROOT_CLASS = YES_ERROR;
				CLANG_WARN_QUOTED_INCLUDE_IN_FRAMEWORK_HEADER = YES;
				CLANG_WARN_RANGE_LOOP_ANALYSIS = YES;
				CLANG_WARN_STRICT_PROTOTYPES = YES;
				CLANG_WARN_SUSPICIOUS_MOVE = YES;
				CLANG_WARN_UNGUARDED_AVAILABILITY = YES_AGGRESSIVE;
				CLANG_WARN_UNREACHABLE_CODE = YES;
				CLANG_WARN__DUPLICATE_METHOD_MATCH = YES;
				COPY_PHASE_STRIP = NO;
				DEBUG_INFORMATION_FORMAT = dwarf;
				ENABLE_STRICT_OBJC_MSGSEND = YES;
				ENABLE_TESTABILITY = YES;
				ENABLE_USER_SCRIPT_SANDBOXING = YES;
				GCC_C_LANGUAGE_STANDARD = gnu17;
				GCC_DYNAMIC_NO_PIC = NO;
				GCC_NO_COMMON_BLOCKS = YES;
				GCC_OPTIMIZATION_LEVEL = 0;
				GCC_PREPROCESSOR_DEFINITIONS = (
					"DEBUG=1",
					"$(inherited)",
				);
				GCC_WARN_64_TO_32_BIT_CONVERSION = YES;
				GCC_WARN_ABOUT_RETURN_TYPE = YES_ERROR;
				GCC_WARN_UNDECLARED_SELECTOR = YES;
				GCC_WARN_UNINITIALIZED_AUTOS = YES_AGGRESSIVE;
				GCC_WARN_UNUSED_FUNCTION = YES;
				GCC_WARN_UNUSED_VARIABLE = YES;
				IPHONEOS_DEPLOYMENT_TARGET = 17.5;
				LOCALIZATION_PREFERS_STRING_CATALOGS = YES;
				MTL_ENABLE_DEBUG_INFO = INCLUDE_SOURCE;
				MTL_FAST_MATH = YES;
				ONLY_ACTIVE_ARCH = YES;
				SDKROOT = iphoneos;
				SWIFT_ACTIVE_COMPILATION_CONDITIONS = "DEBUG $(inherited)";
				SWIFT_OPTIMIZATION_LEVEL = "-Onone";
			};
			name = Debug;
		};
		6BF3E6DA2BF76046002AC007 /* Release */ = {
			isa = XCBuildConfiguration;
			buildSettings = {
				ALWAYS_SEARCH_USER_PATHS = NO;
				ASSETCATALOG_COMPILER_GENERATE_SWIFT_ASSET_SYMBOL_EXTENSIONS = YES;
				CLANG_ANALYZER_NONNULL = YES;
				CLANG_ANALYZER_NUMBER_OBJECT_CONVERSION = YES_AGGRESSIVE;
				CLANG_CXX_LANGUAGE_STANDARD = "gnu++20";
				CLANG_ENABLE_MODULES = YES;
				CLANG_ENABLE_OBJC_ARC = YES;
				CLANG_ENABLE_OBJC_WEAK = YES;
				CLANG_WARN_BLOCK_CAPTURE_AUTORELEASING = YES;
				CLANG_WARN_BOOL_CONVERSION = YES;
				CLANG_WARN_COMMA = YES;
				CLANG_WARN_CONSTANT_CONVERSION = YES;
				CLANG_WARN_DEPRECATED_OBJC_IMPLEMENTATIONS = YES;
				CLANG_WARN_DIRECT_OBJC_ISA_USAGE = YES_ERROR;
				CLANG_WARN_DOCUMENTATION_COMMENTS = YES;
				CLANG_WARN_EMPTY_BODY = YES;
				CLANG_WARN_ENUM_CONVERSION = YES;
				CLANG_WARN_INFINITE_RECURSION = YES;
				CLANG_WARN_INT_CONVERSION = YES;
				CLANG_WARN_NON_LITERAL_NULL_CONVERSION = YES;
				CLANG_WARN_OBJC_IMPLICIT_RETAIN_SELF = YES;
				CLANG_WARN_OBJC_LITERAL_CONVERSION = YES;
				CLANG_WARN_OBJC_ROOT_CLASS = YES_ERROR;
				CLANG_WARN_QUOTED_INCLUDE_IN_FRAMEWORK_HEADER = YES;
				CLANG_WARN_RANGE_LOOP_ANALYSIS = YES;
				CLANG_WARN_STRICT_PROTOTYPES = YES;
				CLANG_WARN_SUSPICIOUS_MOVE = YES;
				CLANG_WARN_UNGUARDED_AVAILABILITY = YES_AGGRESSIVE;
				CLANG_WARN_UNREACHABLE_CODE = YES;
				CLANG_WARN__DUPLICATE_METHOD_MATCH = YES;
				COPY_PHASE_STRIP = NO;
				DEBUG_INFORMATION_FORMAT = "dwarf-with-dsym";
				ENABLE_NS_ASSERTIONS = NO;
				ENABLE_STRICT_OBJC_MSGSEND = YES;
				ENABLE_USER_SCRIPT_SANDBOXING = YES;
				GCC_C_LANGUAGE_STANDARD = gnu17;
				GCC_NO_COMMON_BLOCKS = YES;
				GCC_WARN_64_TO_32_BIT_CONVERSION = YES;
				GCC_WARN_ABOUT_RETURN_TYPE = YES_ERROR;
				GCC_WARN_UNDECLARED_SELECTOR = YES;
				GCC_WARN_UNINITIALIZED_AUTOS = YES_AGGRESSIVE;
				GCC_WARN_UNUSED_FUNCTION = YES;
				GCC_WARN_UNUSED_VARIABLE = YES;
				IPHONEOS_DEPLOYMENT_TARGET = 17.5;
				LOCALIZATION_PREFERS_STRING_CATALOGS = YES;
				MTL_ENABLE_DEBUG_INFO = NO;
				MTL_FAST_MATH = YES;
				SDKROOT = iphoneos;
				SWIFT_COMPILATION_MODE = wholemodule;
				VALIDATE_PRODUCT = YES;
			};
			name = Release;
		};
		6BF3E6DC2BF76046002AC007 /* Debug */ = {
			isa = XCBuildConfiguration;
			buildSettings = {
				ASSETCATALOG_COMPILER_APPICON_NAME = AppIcon;
				ASSETCATALOG_COMPILER_GLOBAL_ACCENT_COLOR_NAME = AccentColor;
				CODE_SIGN_STYLE = Automatic;
				CURRENT_PROJECT_VERSION = 1;
				DEVELOPMENT_ASSET_PATHS = "\"Catholic Bible/Preview Content\"";
				DEVELOPMENT_TEAM = K6623R3GP5;
				ENABLE_PREVIEWS = YES;
				GENERATE_INFOPLIST_FILE = YES;
				INFOPLIST_KEY_UIApplicationSceneManifest_Generation = YES;
				INFOPLIST_KEY_UIApplicationSupportsIndirectInputEvents = YES;
				INFOPLIST_KEY_UILaunchScreen_Generation = YES;
				INFOPLIST_KEY_UISupportedInterfaceOrientations_iPad = "UIInterfaceOrientationPortrait UIInterfaceOrientationPortraitUpsideDown UIInterfaceOrientationLandscapeLeft UIInterfaceOrientationLandscapeRight";
				INFOPLIST_KEY_UISupportedInterfaceOrientations_iPhone = "UIInterfaceOrientationPortrait UIInterfaceOrientationLandscapeLeft UIInterfaceOrientationLandscapeRight";
				LD_RUNPATH_SEARCH_PATHS = (
					"$(inherited)",
					"@executable_path/Frameworks",
				);
				MARKETING_VERSION = 1.0;
				PRODUCT_BUNDLE_IDENTIFIER = "flutterly.co.uk.Catholic-Bible";
				PRODUCT_NAME = "$(TARGET_NAME)";
				SWIFT_EMIT_LOC_STRINGS = YES;
				SWIFT_VERSION = 5.0;
				TARGETED_DEVICE_FAMILY = "1,2";
			};
			name = Debug;
		};
		6BF3E6DD2BF76046002AC007 /* Release */ = {
			isa = XCBuildConfiguration;
			buildSettings = {
				ASSETCATALOG_COMPILER_APPICON_NAME = AppIcon;
				ASSETCATALOG_COMPILER_GLOBAL_ACCENT_COLOR_NAME = AccentColor;
				CODE_SIGN_STYLE = Automatic;
				CURRENT_PROJECT_VERSION = 1;
				DEVELOPMENT_ASSET_PATHS = "\"Catholic Bible/Preview Content\"";
				DEVELOPMENT_TEAM = K6623R3GP5;
				ENABLE_PREVIEWS = YES;
				GENERATE_INFOPLIST_FILE = YES;
				INFOPLIST_KEY_UIApplicationSceneManifest_Generation = YES;
				INFOPLIST_KEY_UIApplicationSupportsIndirectInputEvents = YES;
				INFOPLIST_KEY_UILaunchScreen_Generation = YES;
				INFOPLIST_KEY_UISupportedInterfaceOrientations_iPad = "UIInterfaceOrientationPortrait UIInterfaceOrientationPortraitUpsideDown UIInterfaceOrientationLandscapeLeft UIInterfaceOrientationLandscapeRight";
				INFOPLIST_KEY_UISupportedInterfaceOrientations_iPhone = "UIInterfaceOrientationPortrait UIInterfaceOrientationLandscapeLeft UIInterfaceOrientationLandscapeRight";
				LD_RUNPATH_SEARCH_PATHS = (
					"$(inherited)",
					"@executable_path/Frameworks",
				);
				MARKETING_VERSION = 1.0;
				PRODUCT_BUNDLE_IDENTIFIER = "flutterly.co.uk.Catholic-Bible";
				PRODUCT_NAME = "$(TARGET_NAME)";
				SWIFT_EMIT_LOC_STRINGS = YES;
				SWIFT_VERSION = 5.0;
				TARGETED_DEVICE_FAMILY = "1,2";
			};
			name = Release;
		};
		6BF3E6DF2BF76046002AC007 /* Debug */ = {
			isa = XCBuildConfiguration;
			buildSettings = {
				ALWAYS_EMBED_SWIFT_STANDARD_LIBRARIES = YES;
				BUNDLE_LOADER = "$(TEST_HOST)";
				CODE_SIGN_STYLE = Automatic;
				CURRENT_PROJECT_VERSION = 1;
				DEVELOPMENT_TEAM = K6623R3GP5;
				GENERATE_INFOPLIST_FILE = YES;
				IPHONEOS_DEPLOYMENT_TARGET = 17.5;
				MARKETING_VERSION = 1.0;
				PRODUCT_BUNDLE_IDENTIFIER = "flutterly.co.uk.Catholic-BibleTests";
				PRODUCT_NAME = "$(TARGET_NAME)";
				SWIFT_EMIT_LOC_STRINGS = NO;
				SWIFT_VERSION = 5.0;
				TARGETED_DEVICE_FAMILY = "1,2";
				TEST_HOST = "$(BUILT_PRODUCTS_DIR)/Catholic Bible.app/$(BUNDLE_EXECUTABLE_FOLDER_PATH)/Catholic Bible";
			};
			name = Debug;
		};
		6BF3E6E02BF76046002AC007 /* Release */ = {
			isa = XCBuildConfiguration;
			buildSettings = {
				ALWAYS_EMBED_SWIFT_STANDARD_LIBRARIES = YES;
				BUNDLE_LOADER = "$(TEST_HOST)";
				CODE_SIGN_STYLE = Automatic;
				CURRENT_PROJECT_VERSION = 1;
				DEVELOPMENT_TEAM = K6623R3GP5;
				GENERATE_INFOPLIST_FILE = YES;
				IPHONEOS_DEPLOYMENT_TARGET = 17.5;
				MARKETING_VERSION = 1.0;
				PRODUCT_BUNDLE_IDENTIFIER = "flutterly.co.uk.Catholic-BibleTests";
				PRODUCT_NAME = "$(TARGET_NAME)";
				SWIFT_EMIT_LOC_STRINGS = NO;
				SWIFT_VERSION = 5.0;
				TARGETED_DEVICE_FAMILY = "1,2";
				TEST_HOST = "$(BUILT_PRODUCTS_DIR)/Catholic Bible.app/$(BUNDLE_EXECUTABLE_FOLDER_PATH)/Catholic Bible";
			};
			name = Release;
		};
		6BF3E6E22BF76046002AC007 /* Debug */ = {
			isa = XCBuildConfiguration;
			buildSettings = {
				ALWAYS_EMBED_SWIFT_STANDARD_LIBRARIES = YES;
				CODE_SIGN_STYLE = Automatic;
				CURRENT_PROJECT_VERSION = 1;
				DEVELOPMENT_TEAM = K6623R3GP5;
				GENERATE_INFOPLIST_FILE = YES;
				MARKETING_VERSION = 1.0;
				PRODUCT_BUNDLE_IDENTIFIER = "flutterly.co.uk.Catholic-BibleUITests";
				PRODUCT_NAME = "$(TARGET_NAME)";
				SWIFT_EMIT_LOC_STRINGS = NO;
				SWIFT_VERSION = 5.0;
				TARGETED_DEVICE_FAMILY = "1,2";
				TEST_TARGET_NAME = "Catholic Bible";
			};
			name = Debug;
		};
		6BF3E6E32BF76046002AC007 /* Release */ = {
			isa = XCBuildConfiguration;
			buildSettings = {
				ALWAYS_EMBED_SWIFT_STANDARD_LIBRARIES = YES;
				CODE_SIGN_STYLE = Automatic;
				CURRENT_PROJECT_VERSION = 1;
				DEVELOPMENT_TEAM = K6623R3GP5;
				GENERATE_INFOPLIST_FILE = YES;
				MARKETING_VERSION = 1.0;
				PRODUCT_BUNDLE_IDENTIFIER = "flutterly.co.uk.Catholic-BibleUITests";
				PRODUCT_NAME = "$(TARGET_NAME)";
				SWIFT_EMIT_LOC_STRINGS = NO;
				SWIFT_VERSION = 5.0;
				TARGETED_DEVICE_FAMILY = "1,2";
				TEST_TARGET_NAME = "Catholic Bible";
			};
			name = Release;
		};
/* End XCBuildConfiguration section */

/* Begin XCConfigurationList section */
		6BF3E6B22BF76043002AC007 /* Build configuration list for PBXProject "Catholic Bible" */ = {
			isa = XCConfigurationList;
			buildConfigurations = (
				6BF3E6D92BF76046002AC007 /* Debug */,
				6BF3E6DA2BF76046002AC007 /* Release */,
			);
			defaultConfigurationIsVisible = 0;
			defaultConfigurationName = Release;
		};
		6BF3E6DB2BF76046002AC007 /* Build configuration list for PBXNativeTarget "Catholic Bible" */ = {
			isa = XCConfigurationList;
			buildConfigurations = (
				6BF3E6DC2BF76046002AC007 /* Debug */,
				6BF3E6DD2BF76046002AC007 /* Release */,
			);
			defaultConfigurationIsVisible = 0;
			defaultConfigurationName = Release;
		};
		6BF3E6DE2BF76046002AC007 /* Build configuration list for PBXNativeTarget "Catholic BibleTests" */ = {
			isa = XCConfigurationList;
			buildConfigurations = (
				6BF3E6DF2BF76046002AC007 /* Debug */,
				6BF3E6E02BF76046002AC007 /* Release */,
			);
			defaultConfigurationIsVisible = 0;
			defaultConfigurationName = Release;
		};
		6BF3E6E12BF76046002AC007 /* Build configuration list for PBXNativeTarget "Catholic BibleUITests" */ = {
			isa = XCConfigurationList;
			buildConfigurations = (
				6BF3E6E22BF76046002AC007 /* Debug */,
				6BF3E6E32BF76046002AC007 /* Release */,
			);
			defaultConfigurationIsVisible = 0;
			defaultConfigurationName = Release;
		};
/* End XCConfigurationList section */
	};
	rootObject = 6BF3E6AF2BF76043002AC007 /* Project object */;
}
